
Microsoft Visual Studio Solution File, Format Version 12.00
# Visual Studio 2015
Project("{FAE04EC0-301F-11D3-BF4B-00C04F79EFBC}") = "PhysioWOz.CSharp", "PhysioWOz.CSharp.csproj", "{297B45F2-32A5-AAEA-B374-FDD1D8B3FDDD}"
EndProject
Global
	GlobalSection(SolutionConfigurationPlatforms) = preSolution
		Debug|Any CPU = Debug|Any CPU
		Release|Any CPU = Release|Any CPU
	EndGlobalSection
	GlobalSection(ProjectConfigurationPlatforms) = postSolution
		{297B45F2-32A5-AAEA-B374-FDD1D8B3FDDD}.Debug|Any CPU.ActiveCfg = Debug|Any CPU
		{297B45F2-32A5-AAEA-B374-FDD1D8B3FDDD}.Debug|Any CPU.Build.0 = Debug|Any CPU
		{297B45F2-32A5-AAEA-B374-FDD1D8B3FDDD}.Release|Any CPU.ActiveCfg = Release|Any CPU
		{297B45F2-32A5-AAEA-B374-FDD1D8B3FDDD}.Release|Any CPU.Build.0 = Release|Any CPU
	EndGlobalSection
	GlobalSection(SolutionProperties) = preSolution
		HideSolutionNode = FALSE
	EndGlobalSection
EndGlobal
