
Microsoft Visual Studio Solution File, Format Version 12.00
# Visual Studio 2015
Project("{FAE04EC0-301F-11D3-BF4B-00C04F79EFBC}") = "PhysioADAPT.CSharp", "PhysioADAPT.CSharp.csproj", "{0F6A0D79-C5EE-752D-298C-EEBDA48B3CCC}"
EndProject
Project("{FAE04EC0-301F-11D3-BF4B-00C04F79EFBC}") = "PhysioADAPT.CSharp.Editor", "PhysioADAPT.CSharp.Editor.csproj", "{D8B8DCE9-F986-E8B3-DA39-D84FBE742B62}"
EndProject
Global
	GlobalSection(SolutionConfigurationPlatforms) = preSolution
		Debug|Any CPU = Debug|Any CPU
		Release|Any CPU = Release|Any CPU
	EndGlobalSection
	GlobalSection(ProjectConfigurationPlatforms) = postSolution
		{0F6A0D79-C5EE-752D-298C-EEBDA48B3CCC}.Debug|Any CPU.ActiveCfg = Debug|Any CPU
		{0F6A0D79-C5EE-752D-298C-EEBDA48B3CCC}.Debug|Any CPU.Build.0 = Debug|Any CPU
		{0F6A0D79-C5EE-752D-298C-EEBDA48B3CCC}.Release|Any CPU.ActiveCfg = Release|Any CPU
		{0F6A0D79-C5EE-752D-298C-EEBDA48B3CCC}.Release|Any CPU.Build.0 = Release|Any CPU
		{D8B8DCE9-F986-E8B3-DA39-D84FBE742B62}.Debug|Any CPU.ActiveCfg = Debug|Any CPU
		{D8B8DCE9-F986-E8B3-DA39-D84FBE742B62}.Debug|Any CPU.Build.0 = Debug|Any CPU
		{D8B8DCE9-F986-E8B3-DA39-D84FBE742B62}.Release|Any CPU.ActiveCfg = Release|Any CPU
		{D8B8DCE9-F986-E8B3-DA39-D84FBE742B62}.Release|Any CPU.Build.0 = Release|Any CPU
	EndGlobalSection
	GlobalSection(SolutionProperties) = preSolution
		HideSolutionNode = FALSE
	EndGlobalSection
EndGlobal
